// !$*UTF8*$!
{
	archiveVersion = 1;
	classes = {
	};
	objectVersion = 50;
	objects = {

/* Begin PBXBuildFile section */
		3E6F76DD24D8BA6100314BDD /* ViewControllerAI.swift in Sources */ = {isa = PBXBuildFile; fileRef = 3E6F76DC24D8BA6100314BDD /* ViewControllerAI.swift */; };
		612AF4B724B5175B003B0920 /* AppDelegate.swift in Sources */ = {isa = PBXBuildFile; fileRef = 612AF4B624B5175B003B0920 /* AppDelegate.swift */; };
		612AF4B924B5175B003B0920 /* SceneDelegate.swift in Sources */ = {isa = PBXBuildFile; fileRef = 612AF4B824B5175B003B0920 /* SceneDelegate.swift */; };
		612AF4BB24B5175B003B0920 /* ViewController.swift in Sources */ = {isa = PBXBuildFile; fileRef = 612AF4BA24B5175B003B0920 /* ViewController.swift */; };
		612AF4BE24B5175B003B0920 /* Main.storyboard in Resources */ = {isa = PBXBuildFile; fileRef = 612AF4BC24B5175B003B0920 /* Main.storyboard */; };
		612AF4C024B5175C003B0920 /* Assets.xcassets in Resources */ = {isa = PBXBuildFile; fileRef = 612AF4BF24B5175C003B0920 /* Assets.xcassets */; };
		612AF4C324B5175C003B0920 /* LaunchScreen.storyboard in Resources */ = {isa = PBXBuildFile; fileRef = 612AF4C124B5175C003B0920 /* LaunchScreen.storyboard */; };
/* End PBXBuildFile section */

/* Begin PBXFileReference section */
		3E6F76DC24D8BA6100314BDD /* ViewControllerAI.swift */ = {isa = PBXFileReference; lastKnownFileType = sourcecode.swift; path = ViewControllerAI.swift; sourceTree = "<group>"; };
		612AF4B324B5175B003B0920 /* FinalProjectSwift.app */ = {isa = PBXFileReference; explicitFileType = wrapper.application; includeInIndex = 0; path = FinalProjectSwift.app; sourceTree = BUILT_PRODUCTS_DIR; };
		612AF4B624B5175B003B0920 /* AppDelegate.swift */ = {isa = PBXFileReference; lastKnownFileType = sourcecode.swift; path = AppDelegate.swift; sourceTree = "<group>"; };
		612AF4B824B5175B003B0920 /* SceneDelegate.swift */ = {isa = PBXFileReference; lastKnownFileType = sourcecode.swift; path = SceneDelegate.swift; sourceTree = "<group>"; };
		612AF4BA24B5175B003B0920 /* ViewController.swift */ = {isa = PBXFileReference; lastKnownFileType = sourcecode.swift; path = ViewController.swift; sourceTree = "<group>"; };
		612AF4BD24B5175B003B0920 /* Base */ = {isa = PBXFileReference; lastKnownFileType = file.storyboard; name = Base; path = Base.lproj/Main.storyboard; sourceTree = "<group>"; };
		612AF4BF24B5175C003B0920 /* Assets.xcassets */ = {isa = PBXFileReference; lastKnownFileType = folder.assetcatalog; path = Assets.xcassets; sourceTree = "<group>"; };
		612AF4C224B5175C003B0920 /* Base */ = {isa = PBXFileReference; lastKnownFileType = file.storyboard; name = Base; path = Base.lproj/LaunchScreen.storyboard; sourceTree = "<group>"; };
		612AF4C424B5175C003B0920 /* Info.plist */ = {isa = PBXFileReference; lastKnownFileType = text.plist.xml; path = Info.plist; sourceTree = "<group>"; };
/* End PBXFileReference section */

/* Begin PBXFrameworksBuildPhase section */
		612AF4B024B5175B003B0920 /* Frameworks */ = {
			isa = PBXFrameworksBuildPhase;
			buildActionMask = 2147483647;
			files = (
			);
			runOnlyForDeploymentPostprocessing = 0;
		};
/* End PBXFrameworksBuildPhase section */

/* Begin PBXGroup section */
		612AF4AA24B5175B003B0920 = {
			isa = PBXGroup;
			children = (
				612AF4B524B5175B003B0920 /* FinalProjectSwift */,
				612AF4B424B5175B003B0920 /* Products */,
			);
			sourceTree = "<group>";
		};
		612AF4B424B5175B003B0920 /* Products */ = {
			isa = PBXGroup;
			children = (
				612AF4B324B5175B003B0920 /* FinalProjectSwift.app */,
			);
			name = Products;
			sourceTree = "<group>";
		};
		612AF4B524B5175B003B0920 /* FinalProjectSwift */ = {
			isa = PBXGroup;
			children = (
				612AF4B624B5175B003B0920 /* AppDelegate.swift */,
				612AF4B824B5175B003B0920 /* SceneDelegate.swift */,
				612AF4BA24B5175B003B0920 /* ViewController.swift */,
				612AF4BC24B5175B003B0920 /* Main.storyboard */,
				612AF4BF24B5175C003B0920 /* Assets.xcassets */,
				612AF4C124B5175C003B0920 /* LaunchScreen.storyboard */,
				612AF4C424B5175C003B0920 /* Info.plist */,
				3E6F76DC24D8BA6100314BDD /* ViewControllerAI.swift */,
			);
			path = FinalProjectSwift;
			sourceTree = "<group>";
		};
/* End PBXGroup section */

/* Begin PBXNativeTarget section */
		612AF4B224B5175B003B0920 /* FinalProjectSwift */ = {
			isa = PBXNativeTarget;
			buildConfigurationList = 612AF4C724B5175C003B0920 /* Build configuration list for PBXNativeTarget "FinalProjectSwift" */;
			buildPhases = (
				612AF4AF24B5175B003B0920 /* Sources */,
				612AF4B024B5175B003B0920 /* Frameworks */,
				612AF4B124B5175B003B0920 /* Resources */,
			);
			buildRules = (
			);
			dependencies = (
			);
			name = FinalProjectSwift;
			productName = FinalProjectSwift;
			productReference = 612AF4B324B5175B003B0920 /* FinalProjectSwift.app */;
			productType = "com.apple.product-type.application";
		};
/* End PBXNativeTarget section */

/* Begin PBXProject section */
		612AF4AB24B5175B003B0920 /* Project object */ = {
			isa = PBXProject;
			attributes = {
				LastSwiftUpdateCheck = 1150;
				LastUpgradeCheck = 1150;
				ORGANIZATIONNAME = "Kirill Barsukov";
				TargetAttributes = {
					612AF4B224B5175B003B0920 = {
						CreatedOnToolsVersion = 11.5;
					};
				};
			};
			buildConfigurationList = 612AF4AE24B5175B003B0920 /* Build configuration list for PBXProject "FinalProjectSwift" */;
			compatibilityVersion = "Xcode 9.3";
			developmentRegion = en;
			hasScannedForEncodings = 0;
			knownRegions = (
				en,
				Base,
			);
			mainGroup = 612AF4AA24B5175B003B0920;
			productRefGroup = 612AF4B424B5175B003B0920 /* Products */;
			projectDirPath = "";
			projectRoot = "";
			targets = (
				612AF4B224B5175B003B0920 /* FinalProjectSwift */,
			);
		};
/* End PBXProject section */

/* Begin PBXResourcesBuildPhase section */
		612AF4B124B5175B003B0920 /* Resources */ = {
			isa = PBXResourcesBuildPhase;
			buildActionMask = 2147483647;
			files = (
				612AF4C324B5175C003B0920 /* LaunchScreen.storyboard in Resources */,
				612AF4C024B5175C003B0920 /* Assets.xcassets in Resources */,
				612AF4BE24B5175B003B0920 /* Main.storyboard in Resources */,
			);
			runOnlyForDeploymentPostprocessing = 0;
		};
/* End PBXResourcesBuildPhase section */

/* Begin PBXSourcesBuildPhase section */
		612AF4AF24B5175B003B0920 /* Sources */ = {
			isa = PBXSourcesBuildPhase;
			buildActionMask = 2147483647;
			files = (
				612AF4BB24B5175B003B0920 /* ViewController.swift in Sources */,
				612AF4B724B5175B003B0920 /* AppDelegate.swift in Sources */,
				3E6F76DD24D8BA6100314BDD /* ViewControllerAI.swift in Sources */,
				612AF4B924B5175B003B0920 /* SceneDelegate.swift in Sources */,
			);
			runOnlyForDeploymentPostprocessing = 0;
		};
/* End PBXSourcesBuildPhase section */

/* Begin PBXVariantGroup section */
		612AF4BC24B5175B003B0920 /* Main.storyboard */ = {
			isa = PBXVariantGroup;
			children = (
				612AF4BD24B5175B003B0920 /* Base */,
			);
			name = Main.storyboard;
			sourceTree = "<group>";
		};
		612AF4C124B5175C003B0920 /* LaunchScreen.storyboard */ = {
			isa = PBXVariantGroup;
			children = (
				612AF4C224B5175C003B0920 /* Base */,
			);
			name = LaunchScreen.storyboard;
			sourceTree = "<group>";
		};
/* End PBXVariantGroup section */

/* Begin XCBuildConfiguration section */
		612AF4C524B5175C003B0920 /* Debug */ = {
			isa = XCBuildConfiguration;
			buildSettings = {
				ALWAYS_SEARCH_USER_PATHS = NO;
				CLANG_ANALYZER_NONNULL = YES;
				CLANG_ANALYZER_NUMBER_OBJECT_CONVERSION = YES_AGGRESSIVE;
				CLANG_CXX_LANGUAGE_STANDARD = "gnu++14";
				CLANG_CXX_LIBRARY = "libc++";
				CLANG_ENABLE_MODULES = YES;
				CLANG_ENABLE_OBJC_ARC = YES;
				CLANG_ENABLE_OBJC_WEAK = YES;
				CLANG_WARN_BLOCK_CAPTURE_AUTORELEASING = YES;
				CLANG_WARN_BOOL_CONVERSION = YES;
				CLANG_WARN_COMMA = YES;
				CLANG_WARN_CONSTANT_CONVERSION = YES;
				CLANG_WARN_DEPRECATED_OBJC_IMPLEMENTATIONS = YES;
				CLANG_WARN_DIRECT_OBJC_ISA_USAGE = YES_ERROR;
				CLANG_WARN_DOCUMENTATION_COMMENTS = YES;
				CLANG_WARN_EMPTY_BODY = YES;
				CLANG_WARN_ENUM_CONVERSION = YES;
				CLANG_WARN_INFINITE_RECURSION = YES;
				CLANG_WARN_INT_CONVERSION = YES;
				CLANG_WARN_NON_LITERAL_NULL_CONVERSION = YES;
				CLANG_WARN_OBJC_IMPLICIT_RETAIN_SELF = YES;
				CLANG_WARN_OBJC_LITERAL_CONVERSION = YES;
				CLANG_WARN_OBJC_ROOT_CLASS = YES_ERROR;
				CLANG_WARN_RANGE_LOOP_ANALYSIS = YES;
				CLANG_WARN_STRICT_PROTOTYPES = YES;
				CLANG_WARN_SUSPICIOUS_MOVE = YES;
				CLANG_WARN_UNGUARDED_AVAILABILITY = YES_AGGRESSIVE;
				CLANG_WARN_UNREACHABLE_CODE = YES;
				CLANG_WARN__DUPLICATE_METHOD_MATCH = YES;
				COPY_PHASE_STRIP = NO;
				DEBUG_INFORMATION_FORMAT = dwarf;
				ENABLE_STRICT_OBJC_MSGSEND = YES;
				ENABLE_TESTABILITY = YES;
				GCC_C_LANGUAGE_STANDARD = gnu11;
				GCC_DYNAMIC_NO_PIC = NO;
				GCC_NO_COMMON_BLOCKS = YES;
				GCC_OPTIMIZATION_LEVEL = 0;
				GCC_PREPROCESSOR_DEFINITIONS = (
					"DEBUG=1",
					"$(inherited)",
				);
				GCC_WARN_64_TO_32_BIT_CONVERSION = YES;
				GCC_WARN_ABOUT_RETURN_TYPE = YES_ERROR;
				GCC_WARN_UNDECLARED_SELECTOR = YES;
				GCC_WARN_UNINITIALIZED_AUTOS = YES_AGGRESSIVE;
				GCC_WARN_UNUSED_FUNCTION = YES;
				GCC_WARN_UNUSED_VARIABLE = YES;
				IPHONEOS_DEPLOYMENT_TARGET = 13.5;
				MTL_ENABLE_DEBUG_INFO = INCLUDE_SOURCE;
				MTL_FAST_MATH = YES;
				ONLY_ACTIVE_ARCH = YES;
				SDKROOT = iphoneos;
				SWIFT_ACTIVE_COMPILATION_CONDITIONS = DEBUG;
				SWIFT_OPTIMIZATION_LEVEL = "-Onone";
			};
			name = Debug;
		};
		612AF4C624B5175C003B0920 /* Release */ = {
			isa = XCBuildConfiguration;
			buildSettings = {
				ALWAYS_SEARCH_USER_PATHS = NO;
				CLANG_ANALYZER_NONNULL = YES;
				CLANG_ANALYZER_NUMBER_OBJECT_CONVERSION = YES_AGGRESSIVE;
				CLANG_CXX_LANGUAGE_STANDARD = "gnu++14";
				CLANG_CXX_LIBRARY = "libc++";
				CLANG_ENABLE_MODULES = YES;
				CLANG_ENABLE_OBJC_ARC = YES;
				CLANG_ENABLE_OBJC_WEAK = YES;
				CLANG_WARN_BLOCK_CAPTURE_AUTORELEASING = YES;
				CLANG_WARN_BOOL_CONVERSION = YES;
				CLANG_WARN_COMMA = YES;
				CLANG_WARN_CONSTANT_CONVERSION = YES;
				CLANG_WARN_DEPRECATED_OBJC_IMPLEMENTATIONS = YES;
				CLANG_WARN_DIRECT_OBJC_ISA_USAGE = YES_ERROR;
				CLANG_WARN_DOCUMENTATION_COMMENTS = YES;
				CLANG_WARN_EMPTY_BODY = YES;
				CLANG_WARN_ENUM_CONVERSION = YES;
				CLANG_WARN_INFINITE_RECURSION = YES;
				CLANG_WARN_INT_CONVERSION = YES;
				CLANG_WARN_NON_LITERAL_NULL_CONVERSION = YES;
				CLANG_WARN_OBJC_IMPLICIT_RETAIN_SELF = YES;
				CLANG_WARN_OBJC_LITERAL_CONVERSION = YES;
				CLANG_WARN_OBJC_ROOT_CLASS = YES_ERROR;
				CLANG_WARN_RANGE_LOOP_ANALYSIS = YES;
				CLANG_WARN_STRICT_PROTOTYPES = YES;
				CLANG_WARN_SUSPICIOUS_MOVE = YES;
				CLANG_WARN_UNGUARDED_AVAILABILITY = YES_AGGRESSIVE;
				CLANG_WARN_UNREACHABLE_CODE = YES;
				CLANG_WARN__DUPLICATE_METHOD_MATCH = YES;
				COPY_PHASE_STRIP = NO;
				DEBUG_INFORMATION_FORMAT = "dwarf-with-dsym";
				ENABLE_NS_ASSERTIONS = NO;
				ENABLE_STRICT_OBJC_MSGSEND = YES;
				GCC_C_LANGUAGE_STANDARD = gnu11;
				GCC_NO_COMMON_BLOCKS = YES;
				GCC_WARN_64_TO_32_BIT_CONVERSION = YES;
				GCC_WARN_ABOUT_RETURN_TYPE = YES_ERROR;
				GCC_WARN_UNDECLARED_SELECTOR = YES;
				GCC_WARN_UNINITIALIZED_AUTOS = YES_AGGRESSIVE;
				GCC_WARN_UNUSED_FUNCTION = YES;
				GCC_WARN_UNUSED_VARIABLE = YES;
				IPHONEOS_DEPLOYMENT_TARGET = 13.5;
				MTL_ENABLE_DEBUG_INFO = NO;
				MTL_FAST_MATH = YES;
				SDKROOT = iphoneos;
				SWIFT_COMPILATION_MODE = wholemodule;
				SWIFT_OPTIMIZATION_LEVEL = "-O";
				VALIDATE_PRODUCT = YES;
			};
			name = Release;
		};
		612AF4C824B5175C003B0920 /* Debug */ = {
			isa = XCBuildConfiguration;
			buildSettings = {
				CODE_SIGN_STYLE = Automatic;
				INFOPLIST_FILE = FinalProjectSwift/Info.plist;
				LD_RUNPATH_SEARCH_PATHS = (
					"$(inherited)",
					"@executable_path/Frameworks",
				);
				PRODUCT_BUNDLE_IDENTIFIER = mnk.FinalProjectSwift;
				PRODUCT_NAME = "$(TARGET_NAME)";
				SWIFT_VERSION = 5.0;
				TARGETED_DEVICE_FAMILY = "1,2";
			};
			name = Debug;
		};
		612AF4C924B5175C003B0920 /* Release */ = {
			isa = XCBuildConfiguration;
			buildSettings = {
				CODE_SIGN_STYLE = Automatic;
				INFOPLIST_FILE = FinalProjectSwift/Info.plist;
				LD_RUNPATH_SEARCH_PATHS = (
					"$(inherited)",
					"@executable_path/Frameworks",
				);
				PRODUCT_BUNDLE_IDENTIFIER = mnk.FinalProjectSwift;
				PRODUCT_NAME = "$(TARGET_NAME)";
				SWIFT_VERSION = 5.0;
				TARGETED_DEVICE_FAMILY = "1,2";
			};
			name = Release;
		};
/* End XCBuildConfiguration section */

/* Begin XCConfigurationList section */
		612AF4AE24B5175B003B0920 /* Build configuration list for PBXProject "FinalProjectSwift" */ = {
			isa = XCConfigurationList;
			buildConfigurations = (
				612AF4C524B5175C003B0920 /* Debug */,
				612AF4C624B5175C003B0920 /* Release */,
			);
			defaultConfigurationIsVisible = 0;
			defaultConfigurationName = Release;
		};
		612AF4C724B5175C003B0920 /* Build configuration list for PBXNativeTarget "FinalProjectSwift" */ = {
			isa = XCConfigurationList;
			buildConfigurations = (
				612AF4C824B5175C003B0920 /* Debug */,
				612AF4C924B5175C003B0920 /* Release */,
			);
			defaultConfigurationIsVisible = 0;
			defaultConfigurationName = Release;
		};
/* End XCConfigurationList section */
	};
	rootObject = 612AF4AB24B5175B003B0920 /* Project object */;
}
